
Microsoft Visual Studio Solution File, Format Version 12.00
# Visual Studio Version 16
VisualStudioVersion = 16.0.31005.135
MinimumVisualStudioVersion = 10.0.40219.1
Project("{FAE04EC0-301F-11D3-BF4B-00C04F79EFBC}") = "Fibonacci_in_Cloud", "Fibonacci_in_Cloud\Fibonacci_in_Cloud.csproj", "{9E3D2612-FE63-4396-97A5-D574A48286C1}"
EndProject
Global
	GlobalSection(SolutionConfigurationPlatforms) = preSolution
		Debug|Any CPU = Debug|Any CPU
		Release|Any CPU = Release|Any CPU
	EndGlobalSection
	GlobalSection(ProjectConfigurationPlatforms) = postSolution
		{9E3D2612-FE63-4396-97A5-D574A48286C1}.Debug|Any CPU.ActiveCfg = Debug|Any CPU
		{9E3D2612-FE63-4396-97A5-D574A48286C1}.Debug|Any CPU.Build.0 = Debug|Any CPU
		{9E3D2612-FE63-4396-97A5-D574A48286C1}.Release|Any CPU.ActiveCfg = Release|Any CPU
		{9E3D2612-FE63-4396-97A5-D574A48286C1}.Release|Any CPU.Build.0 = Release|Any CPU
	EndGlobalSection
	GlobalSection(SolutionProperties) = preSolution
		HideSolutionNode = FALSE
	EndGlobalSection
	GlobalSection(ExtensibilityGlobals) = postSolution
		SolutionGuid = {248EF7A8-E830-427D-8176-A454A209052E}
	EndGlobalSection
EndGlobal
